{
  "requires": true,
  "lockfileVersion": 1,
  "dependencies": {
    "@auth0/angular-jwt": {
      "version": "5.2.0",
      "resolved": "https://registry.npmjs.org/@auth0/angular-jwt/-/angular-jwt-5.2.0.tgz",
      "integrity": "sha512-9FS2L0QwGNlxA/zgeehCcsR9CZscouyXkoIj1fODM36A8BLfdzg9k9DWAXUQ2Drjk0AypGAFzeNZR4vsLMhdeQ==",
      "requires": {
        "tslib": "^2.0.0"
      }
    },
    "tslib": {
      "version": "2.6.2",
      "resolved": "https://registry.npmjs.org/tslib/-/tslib-2.6.2.tgz",
      "integrity": "sha512-AEYxH93jGFPn/a2iVAwW87VuUIkR1FVUKB77NwMF7nBTDkDrrT/Hpt/IrCJ0QXhW27jTBDcf5ZY7w6RiqTMw2Q=="
    }
  }
}
